
Microsoft Visual Studio Solution File, Format Version 12.00
# Visual Studio 14
VisualStudioVersion = 14.0.23107.0
MinimumVisualStudioVersion = 10.0.40219.1
Project("{FAE04EC0-301F-11D3-BF4B-00C04F79EFBC}") = "SecMaster_DAL", "SecurityMaster\SecMaster_DAL.csproj", "{6C6B6B32-4533-4B5C-ADD8-B6FED3D403BA}"
EndProject
<<<<<<< HEAD
Project("{FAE04EC0-301F-11D3-BF4B-00C04F79EFBC}") = "ConsoleApplication1", "ConsoleApplication1\ConsoleApplication1.csproj", "{6BFCB9B6-464A-4FED-A946-88235D4C8816}"
EndProject
Project("{FAE04EC0-301F-11D3-BF4B-00C04F79EFBC}") = "SecurityReader", "SecurityReader\SecurityReader.csproj", "{E22263D2-BED8-40BD-9ACA-1BCD3838BA67}"
EndProject
Project("{FAE04EC0-301F-11D3-BF4B-00C04F79EFBC}") = "FileWatcherService", "FileWatcherService\FileWatcherService.csproj", "{4B120955-3644-48F2-9134-99B2F669EBF9}"
=======
Project("{FAE04EC0-301F-11D3-BF4B-00C04F79EFBC}") = "Tester", "Tester\Tester.csproj", "{F45CA449-292D-464F-9918-3B3E1B83238F}"
>>>>>>> d8d99c8664bc70dd201c54174935749111937d8c
EndProject
Global
	GlobalSection(SolutionConfigurationPlatforms) = preSolution
		Debug|Any CPU = Debug|Any CPU
		Debug|Mixed Platforms = Debug|Mixed Platforms
		Debug|x86 = Debug|x86
		Release|Any CPU = Release|Any CPU
		Release|Mixed Platforms = Release|Mixed Platforms
		Release|x86 = Release|x86
	EndGlobalSection
	GlobalSection(ProjectConfigurationPlatforms) = postSolution
		{6C6B6B32-4533-4B5C-ADD8-B6FED3D403BA}.Debug|Any CPU.ActiveCfg = Debug|Any CPU
		{6C6B6B32-4533-4B5C-ADD8-B6FED3D403BA}.Debug|Any CPU.Build.0 = Debug|Any CPU
		{6C6B6B32-4533-4B5C-ADD8-B6FED3D403BA}.Debug|Mixed Platforms.ActiveCfg = Debug|Any CPU
		{6C6B6B32-4533-4B5C-ADD8-B6FED3D403BA}.Debug|Mixed Platforms.Build.0 = Debug|Any CPU
		{6C6B6B32-4533-4B5C-ADD8-B6FED3D403BA}.Debug|x86.ActiveCfg = Debug|Any CPU
		{6C6B6B32-4533-4B5C-ADD8-B6FED3D403BA}.Release|Any CPU.ActiveCfg = Release|Any CPU
		{6C6B6B32-4533-4B5C-ADD8-B6FED3D403BA}.Release|Any CPU.Build.0 = Release|Any CPU
<<<<<<< HEAD
		{6C6B6B32-4533-4B5C-ADD8-B6FED3D403BA}.Release|Mixed Platforms.ActiveCfg = Release|Any CPU
		{6C6B6B32-4533-4B5C-ADD8-B6FED3D403BA}.Release|Mixed Platforms.Build.0 = Release|Any CPU
		{6C6B6B32-4533-4B5C-ADD8-B6FED3D403BA}.Release|x86.ActiveCfg = Release|Any CPU
		{6BFCB9B6-464A-4FED-A946-88235D4C8816}.Debug|Any CPU.ActiveCfg = Debug|x86
		{6BFCB9B6-464A-4FED-A946-88235D4C8816}.Debug|Mixed Platforms.ActiveCfg = Debug|x86
		{6BFCB9B6-464A-4FED-A946-88235D4C8816}.Debug|Mixed Platforms.Build.0 = Debug|x86
		{6BFCB9B6-464A-4FED-A946-88235D4C8816}.Debug|x86.ActiveCfg = Debug|x86
		{6BFCB9B6-464A-4FED-A946-88235D4C8816}.Debug|x86.Build.0 = Debug|x86
		{6BFCB9B6-464A-4FED-A946-88235D4C8816}.Release|Any CPU.ActiveCfg = Release|x86
		{6BFCB9B6-464A-4FED-A946-88235D4C8816}.Release|Mixed Platforms.ActiveCfg = Release|x86
		{6BFCB9B6-464A-4FED-A946-88235D4C8816}.Release|Mixed Platforms.Build.0 = Release|x86
		{6BFCB9B6-464A-4FED-A946-88235D4C8816}.Release|x86.ActiveCfg = Release|x86
		{6BFCB9B6-464A-4FED-A946-88235D4C8816}.Release|x86.Build.0 = Release|x86
		{E22263D2-BED8-40BD-9ACA-1BCD3838BA67}.Debug|Any CPU.ActiveCfg = Debug|Any CPU
		{E22263D2-BED8-40BD-9ACA-1BCD3838BA67}.Debug|Any CPU.Build.0 = Debug|Any CPU
		{E22263D2-BED8-40BD-9ACA-1BCD3838BA67}.Debug|Mixed Platforms.ActiveCfg = Debug|Any CPU
		{E22263D2-BED8-40BD-9ACA-1BCD3838BA67}.Debug|Mixed Platforms.Build.0 = Debug|Any CPU
		{E22263D2-BED8-40BD-9ACA-1BCD3838BA67}.Debug|x86.ActiveCfg = Debug|Any CPU
		{E22263D2-BED8-40BD-9ACA-1BCD3838BA67}.Release|Any CPU.ActiveCfg = Release|Any CPU
		{E22263D2-BED8-40BD-9ACA-1BCD3838BA67}.Release|Any CPU.Build.0 = Release|Any CPU
		{E22263D2-BED8-40BD-9ACA-1BCD3838BA67}.Release|Mixed Platforms.ActiveCfg = Release|Any CPU
		{E22263D2-BED8-40BD-9ACA-1BCD3838BA67}.Release|Mixed Platforms.Build.0 = Release|Any CPU
		{E22263D2-BED8-40BD-9ACA-1BCD3838BA67}.Release|x86.ActiveCfg = Release|Any CPU
		{4B120955-3644-48F2-9134-99B2F669EBF9}.Debug|Any CPU.ActiveCfg = Debug|x86
		{4B120955-3644-48F2-9134-99B2F669EBF9}.Debug|Mixed Platforms.ActiveCfg = Debug|x86
		{4B120955-3644-48F2-9134-99B2F669EBF9}.Debug|Mixed Platforms.Build.0 = Debug|x86
		{4B120955-3644-48F2-9134-99B2F669EBF9}.Debug|x86.ActiveCfg = Debug|x86
		{4B120955-3644-48F2-9134-99B2F669EBF9}.Debug|x86.Build.0 = Debug|x86
		{4B120955-3644-48F2-9134-99B2F669EBF9}.Release|Any CPU.ActiveCfg = Release|x86
		{4B120955-3644-48F2-9134-99B2F669EBF9}.Release|Mixed Platforms.ActiveCfg = Release|x86
		{4B120955-3644-48F2-9134-99B2F669EBF9}.Release|Mixed Platforms.Build.0 = Release|x86
		{4B120955-3644-48F2-9134-99B2F669EBF9}.Release|x86.ActiveCfg = Release|x86
		{4B120955-3644-48F2-9134-99B2F669EBF9}.Release|x86.Build.0 = Release|x86
=======
		{F45CA449-292D-464F-9918-3B3E1B83238F}.Debug|Any CPU.ActiveCfg = Debug|Any CPU
		{F45CA449-292D-464F-9918-3B3E1B83238F}.Debug|Any CPU.Build.0 = Debug|Any CPU
		{F45CA449-292D-464F-9918-3B3E1B83238F}.Release|Any CPU.ActiveCfg = Release|Any CPU
		{F45CA449-292D-464F-9918-3B3E1B83238F}.Release|Any CPU.Build.0 = Release|Any CPU
>>>>>>> d8d99c8664bc70dd201c54174935749111937d8c
	EndGlobalSection
	GlobalSection(SolutionProperties) = preSolution
		HideSolutionNode = FALSE
	EndGlobalSection
EndGlobal
